// !$*UTF8*$!
{
	archiveVersion = 1;
	classes = {
	};
	objectVersion = 50;
	objects = {

/* Begin PBXBuildFile section */
		8B73771624C95FBA009E202A /* AppDelegate.swift in Sources */ = {isa = PBXBuildFile; fileRef = 8B73771524C95FBA009E202A /* AppDelegate.swift */; };
		8B73771824C95FBA009E202A /* SceneDelegate.swift in Sources */ = {isa = PBXBuildFile; fileRef = 8B73771724C95FBA009E202A /* SceneDelegate.swift */; };
		8B73771A24C95FBA009E202A /* ViewController.swift in Sources */ = {isa = PBXBuildFile; fileRef = 8B73771924C95FBA009E202A /* ViewController.swift */; };
		8B73771D24C95FBA009E202A /* Main.storyboard in Resources */ = {isa = PBXBuildFile; fileRef = 8B73771B24C95FBA009E202A /* Main.storyboard */; };
		8B73771F24C95FC0009E202A /* Assets.xcassets in Resources */ = {isa = PBXBuildFile; fileRef = 8B73771E24C95FC0009E202A /* Assets.xcassets */; };
		8B73772224C95FC0009E202A /* LaunchScreen.storyboard in Resources */ = {isa = PBXBuildFile; fileRef = 8B73772024C95FC0009E202A /* LaunchScreen.storyboard */; };
		8B73772C24C96007009E202A /* LoginViewController.swift in Sources */ = {isa = PBXBuildFile; fileRef = 8B73772B24C96007009E202A /* LoginViewController.swift */; };
		8B73773024C96C93009E202A /* Extensions.swift in Sources */ = {isa = PBXBuildFile; fileRef = 8B73772F24C96C93009E202A /* Extensions.swift */; };
		8B73773224C9A38C009E202A /* LoginView.swift in Sources */ = {isa = PBXBuildFile; fileRef = 8B73773124C9A38C009E202A /* LoginView.swift */; };
		8B73773424C9A564009E202A /* BaseView.swift in Sources */ = {isa = PBXBuildFile; fileRef = 8B73773324C9A564009E202A /* BaseView.swift */; };
		8B73773624C9A8D8009E202A /* BaseViewController.swift in Sources */ = {isa = PBXBuildFile; fileRef = 8B73773524C9A8D8009E202A /* BaseViewController.swift */; };
		8B73773924C9B056009E202A /* LoginRouter.swift in Sources */ = {isa = PBXBuildFile; fileRef = 8B73773824C9B056009E202A /* LoginRouter.swift */; };
		8B73773B24C9B0CE009E202A /* SignUpViewController.swift in Sources */ = {isa = PBXBuildFile; fileRef = 8B73773A24C9B0CE009E202A /* SignUpViewController.swift */; };
		8B73773D24C9B1D3009E202A /* LoginBuilder.swift in Sources */ = {isa = PBXBuildFile; fileRef = 8B73773C24C9B1D3009E202A /* LoginBuilder.swift */; };
/* End PBXBuildFile section */

/* Begin PBXFileReference section */
		8B73771224C95FBA009E202A /* Taxol.app */ = {isa = PBXFileReference; explicitFileType = wrapper.application; includeInIndex = 0; path = Taxol.app; sourceTree = BUILT_PRODUCTS_DIR; };
		8B73771524C95FBA009E202A /* AppDelegate.swift */ = {isa = PBXFileReference; lastKnownFileType = sourcecode.swift; path = AppDelegate.swift; sourceTree = "<group>"; };
		8B73771724C95FBA009E202A /* SceneDelegate.swift */ = {isa = PBXFileReference; lastKnownFileType = sourcecode.swift; path = SceneDelegate.swift; sourceTree = "<group>"; };
		8B73771924C95FBA009E202A /* ViewController.swift */ = {isa = PBXFileReference; lastKnownFileType = sourcecode.swift; path = ViewController.swift; sourceTree = "<group>"; };
		8B73771C24C95FBA009E202A /* Base */ = {isa = PBXFileReference; lastKnownFileType = file.storyboard; name = Base; path = Base.lproj/Main.storyboard; sourceTree = "<group>"; };
		8B73771E24C95FC0009E202A /* Assets.xcassets */ = {isa = PBXFileReference; lastKnownFileType = folder.assetcatalog; path = Assets.xcassets; sourceTree = "<group>"; };
		8B73772124C95FC0009E202A /* Base */ = {isa = PBXFileReference; lastKnownFileType = file.storyboard; name = Base; path = Base.lproj/LaunchScreen.storyboard; sourceTree = "<group>"; };
		8B73772324C95FC0009E202A /* Info.plist */ = {isa = PBXFileReference; lastKnownFileType = text.plist.xml; path = Info.plist; sourceTree = "<group>"; };
		8B73772B24C96007009E202A /* LoginViewController.swift */ = {isa = PBXFileReference; lastKnownFileType = sourcecode.swift; path = LoginViewController.swift; sourceTree = "<group>"; };
		8B73772F24C96C93009E202A /* Extensions.swift */ = {isa = PBXFileReference; lastKnownFileType = sourcecode.swift; path = Extensions.swift; sourceTree = "<group>"; };
		8B73773124C9A38C009E202A /* LoginView.swift */ = {isa = PBXFileReference; lastKnownFileType = sourcecode.swift; path = LoginView.swift; sourceTree = "<group>"; };
		8B73773324C9A564009E202A /* BaseView.swift */ = {isa = PBXFileReference; lastKnownFileType = sourcecode.swift; path = BaseView.swift; sourceTree = "<group>"; };
		8B73773524C9A8D8009E202A /* BaseViewController.swift */ = {isa = PBXFileReference; lastKnownFileType = sourcecode.swift; path = BaseViewController.swift; sourceTree = "<group>"; };
		8B73773824C9B056009E202A /* LoginRouter.swift */ = {isa = PBXFileReference; lastKnownFileType = sourcecode.swift; path = LoginRouter.swift; sourceTree = "<group>"; };
		8B73773A24C9B0CE009E202A /* SignUpViewController.swift */ = {isa = PBXFileReference; lastKnownFileType = sourcecode.swift; path = SignUpViewController.swift; sourceTree = "<group>"; };
		8B73773C24C9B1D3009E202A /* LoginBuilder.swift */ = {isa = PBXFileReference; lastKnownFileType = sourcecode.swift; path = LoginBuilder.swift; sourceTree = "<group>"; };
/* End PBXFileReference section */

/* Begin PBXFrameworksBuildPhase section */
		8B73770F24C95FBA009E202A /* Frameworks */ = {
			isa = PBXFrameworksBuildPhase;
			buildActionMask = 2147483647;
			files = (
			);
			runOnlyForDeploymentPostprocessing = 0;
		};
/* End PBXFrameworksBuildPhase section */

/* Begin PBXGroup section */
		8B73770924C95FBA009E202A = {
			isa = PBXGroup;
			children = (
				8B73771424C95FBA009E202A /* Taxol */,
				8B73771324C95FBA009E202A /* Products */,
			);
			sourceTree = "<group>";
		};
		8B73771324C95FBA009E202A /* Products */ = {
			isa = PBXGroup;
			children = (
				8B73771224C95FBA009E202A /* Taxol.app */,
			);
			name = Products;
			sourceTree = "<group>";
		};
		8B73771424C95FBA009E202A /* Taxol */ = {
			isa = PBXGroup;
			children = (
				8B73773724C9AFF6009E202A /* SignUp */,
				8B73772924C95FD7009E202A /* Login */,
				8B73772D24C967F7009E202A /* App Coordinator */,
				8B73771E24C95FC0009E202A /* Assets.xcassets */,
				8B73772024C95FC0009E202A /* LaunchScreen.storyboard */,
				8B73772324C95FC0009E202A /* Info.plist */,
			);
			path = Taxol;
			sourceTree = "<group>";
		};
		8B73772924C95FD7009E202A /* Login */ = {
			isa = PBXGroup;
			children = (
				8B73772A24C95FE7009E202A /* View */,
				8B73773824C9B056009E202A /* LoginRouter.swift */,
				8B73773C24C9B1D3009E202A /* LoginBuilder.swift */,
			);
			path = Login;
			sourceTree = "<group>";
		};
		8B73772A24C95FE7009E202A /* View */ = {
			isa = PBXGroup;
			children = (
				8B73773124C9A38C009E202A /* LoginView.swift */,
				8B73772B24C96007009E202A /* LoginViewController.swift */,
			);
			path = View;
			sourceTree = "<group>";
		};
		8B73772D24C967F7009E202A /* App Coordinator */ = {
			isa = PBXGroup;
			children = (
				8B73772E24C96C78009E202A /* Utils */,
				8B73771524C95FBA009E202A /* AppDelegate.swift */,
				8B73771724C95FBA009E202A /* SceneDelegate.swift */,
				8B73771924C95FBA009E202A /* ViewController.swift */,
				8B73771B24C95FBA009E202A /* Main.storyboard */,
			);
			path = "App Coordinator";
			sourceTree = "<group>";
		};
		8B73772E24C96C78009E202A /* Utils */ = {
			isa = PBXGroup;
			children = (
				8B73772F24C96C93009E202A /* Extensions.swift */,
				8B73773324C9A564009E202A /* BaseView.swift */,
				8B73773524C9A8D8009E202A /* BaseViewController.swift */,
			);
			path = Utils;
			sourceTree = "<group>";
		};
		8B73773724C9AFF6009E202A /* SignUp */ = {
			isa = PBXGroup;
			children = (
				8B73773A24C9B0CE009E202A /* SignUpViewController.swift */,
			);
			path = SignUp;
			sourceTree = "<group>";
		};
/* End PBXGroup section */

/* Begin PBXNativeTarget section */
		8B73771124C95FBA009E202A /* Taxol */ = {
			isa = PBXNativeTarget;
			buildConfigurationList = 8B73772624C95FC0009E202A /* Build configuration list for PBXNativeTarget "Taxol" */;
			buildPhases = (
				8B73770E24C95FBA009E202A /* Sources */,
				8B73770F24C95FBA009E202A /* Frameworks */,
				8B73771024C95FBA009E202A /* Resources */,
			);
			buildRules = (
			);
			dependencies = (
			);
			name = Taxol;
			productName = Taxol;
			productReference = 8B73771224C95FBA009E202A /* Taxol.app */;
			productType = "com.apple.product-type.application";
		};
/* End PBXNativeTarget section */

/* Begin PBXProject section */
		8B73770A24C95FBA009E202A /* Project object */ = {
			isa = PBXProject;
			attributes = {
				LastSwiftUpdateCheck = 1140;
				LastUpgradeCheck = 1140;
				ORGANIZATIONNAME = chrizstvan;
				TargetAttributes = {
					8B73771124C95FBA009E202A = {
						CreatedOnToolsVersion = 11.4.1;
					};
				};
			};
			buildConfigurationList = 8B73770D24C95FBA009E202A /* Build configuration list for PBXProject "Taxol" */;
			compatibilityVersion = "Xcode 9.3";
			developmentRegion = en;
			hasScannedForEncodings = 0;
			knownRegions = (
				en,
				Base,
			);
			mainGroup = 8B73770924C95FBA009E202A;
			productRefGroup = 8B73771324C95FBA009E202A /* Products */;
			projectDirPath = "";
			projectRoot = "";
			targets = (
				8B73771124C95FBA009E202A /* Taxol */,
			);
		};
/* End PBXProject section */

/* Begin PBXResourcesBuildPhase section */
		8B73771024C95FBA009E202A /* Resources */ = {
			isa = PBXResourcesBuildPhase;
			buildActionMask = 2147483647;
			files = (
				8B73772224C95FC0009E202A /* LaunchScreen.storyboard in Resources */,
				8B73771F24C95FC0009E202A /* Assets.xcassets in Resources */,
				8B73771D24C95FBA009E202A /* Main.storyboard in Resources */,
			);
			runOnlyForDeploymentPostprocessing = 0;
		};
/* End PBXResourcesBuildPhase section */

/* Begin PBXSourcesBuildPhase section */
		8B73770E24C95FBA009E202A /* Sources */ = {
			isa = PBXSourcesBuildPhase;
			buildActionMask = 2147483647;
			files = (
				8B73773D24C9B1D3009E202A /* LoginBuilder.swift in Sources */,
				8B73773224C9A38C009E202A /* LoginView.swift in Sources */,
				8B73773024C96C93009E202A /* Extensions.swift in Sources */,
				8B73772C24C96007009E202A /* LoginViewController.swift in Sources */,
				8B73771A24C95FBA009E202A /* ViewController.swift in Sources */,
				8B73773B24C9B0CE009E202A /* SignUpViewController.swift in Sources */,
				8B73773424C9A564009E202A /* BaseView.swift in Sources */,
				8B73773924C9B056009E202A /* LoginRouter.swift in Sources */,
				8B73773624C9A8D8009E202A /* BaseViewController.swift in Sources */,
				8B73771624C95FBA009E202A /* AppDelegate.swift in Sources */,
				8B73771824C95FBA009E202A /* SceneDelegate.swift in Sources */,
			);
			runOnlyForDeploymentPostprocessing = 0;
		};
/* End PBXSourcesBuildPhase section */

/* Begin PBXVariantGroup section */
		8B73771B24C95FBA009E202A /* Main.storyboard */ = {
			isa = PBXVariantGroup;
			children = (
				8B73771C24C95FBA009E202A /* Base */,
			);
			name = Main.storyboard;
			sourceTree = "<group>";
		};
		8B73772024C95FC0009E202A /* LaunchScreen.storyboard */ = {
			isa = PBXVariantGroup;
			children = (
				8B73772124C95FC0009E202A /* Base */,
			);
			name = LaunchScreen.storyboard;
			sourceTree = "<group>";
		};
/* End PBXVariantGroup section */

/* Begin XCBuildConfiguration section */
		8B73772424C95FC0009E202A /* Debug */ = {
			isa = XCBuildConfiguration;
			buildSettings = {
				ALWAYS_SEARCH_USER_PATHS = NO;
				CLANG_ANALYZER_NONNULL = YES;
				CLANG_ANALYZER_NUMBER_OBJECT_CONVERSION = YES_AGGRESSIVE;
				CLANG_CXX_LANGUAGE_STANDARD = "gnu++14";
				CLANG_CXX_LIBRARY = "libc++";
				CLANG_ENABLE_MODULES = YES;
				CLANG_ENABLE_OBJC_ARC = YES;
				CLANG_ENABLE_OBJC_WEAK = YES;
				CLANG_WARN_BLOCK_CAPTURE_AUTORELEASING = YES;
				CLANG_WARN_BOOL_CONVERSION = YES;
				CLANG_WARN_COMMA = YES;
				CLANG_WARN_CONSTANT_CONVERSION = YES;
				CLANG_WARN_DEPRECATED_OBJC_IMPLEMENTATIONS = YES;
				CLANG_WARN_DIRECT_OBJC_ISA_USAGE = YES_ERROR;
				CLANG_WARN_DOCUMENTATION_COMMENTS = YES;
				CLANG_WARN_EMPTY_BODY = YES;
				CLANG_WARN_ENUM_CONVERSION = YES;
				CLANG_WARN_INFINITE_RECURSION = YES;
				CLANG_WARN_INT_CONVERSION = YES;
				CLANG_WARN_NON_LITERAL_NULL_CONVERSION = YES;
				CLANG_WARN_OBJC_IMPLICIT_RETAIN_SELF = YES;
				CLANG_WARN_OBJC_LITERAL_CONVERSION = YES;
				CLANG_WARN_OBJC_ROOT_CLASS = YES_ERROR;
				CLANG_WARN_RANGE_LOOP_ANALYSIS = YES;
				CLANG_WARN_STRICT_PROTOTYPES = YES;
				CLANG_WARN_SUSPICIOUS_MOVE = YES;
				CLANG_WARN_UNGUARDED_AVAILABILITY = YES_AGGRESSIVE;
				CLANG_WARN_UNREACHABLE_CODE = YES;
				CLANG_WARN__DUPLICATE_METHOD_MATCH = YES;
				COPY_PHASE_STRIP = NO;
				DEBUG_INFORMATION_FORMAT = dwarf;
				ENABLE_STRICT_OBJC_MSGSEND = YES;
				ENABLE_TESTABILITY = YES;
				GCC_C_LANGUAGE_STANDARD = gnu11;
				GCC_DYNAMIC_NO_PIC = NO;
				GCC_NO_COMMON_BLOCKS = YES;
				GCC_OPTIMIZATION_LEVEL = 0;
				GCC_PREPROCESSOR_DEFINITIONS = (
					"DEBUG=1",
					"$(inherited)",
				);
				GCC_WARN_64_TO_32_BIT_CONVERSION = YES;
				GCC_WARN_ABOUT_RETURN_TYPE = YES_ERROR;
				GCC_WARN_UNDECLARED_SELECTOR = YES;
				GCC_WARN_UNINITIALIZED_AUTOS = YES_AGGRESSIVE;
				GCC_WARN_UNUSED_FUNCTION = YES;
				GCC_WARN_UNUSED_VARIABLE = YES;
				IPHONEOS_DEPLOYMENT_TARGET = 13.4;
				MTL_ENABLE_DEBUG_INFO = INCLUDE_SOURCE;
				MTL_FAST_MATH = YES;
				ONLY_ACTIVE_ARCH = YES;
				SDKROOT = iphoneos;
				SWIFT_ACTIVE_COMPILATION_CONDITIONS = DEBUG;
				SWIFT_OPTIMIZATION_LEVEL = "-Onone";
			};
			name = Debug;
		};
		8B73772524C95FC0009E202A /* Release */ = {
			isa = XCBuildConfiguration;
			buildSettings = {
				ALWAYS_SEARCH_USER_PATHS = NO;
				CLANG_ANALYZER_NONNULL = YES;
				CLANG_ANALYZER_NUMBER_OBJECT_CONVERSION = YES_AGGRESSIVE;
				CLANG_CXX_LANGUAGE_STANDARD = "gnu++14";
				CLANG_CXX_LIBRARY = "libc++";
				CLANG_ENABLE_MODULES = YES;
				CLANG_ENABLE_OBJC_ARC = YES;
				CLANG_ENABLE_OBJC_WEAK = YES;
				CLANG_WARN_BLOCK_CAPTURE_AUTORELEASING = YES;
				CLANG_WARN_BOOL_CONVERSION = YES;
				CLANG_WARN_COMMA = YES;
				CLANG_WARN_CONSTANT_CONVERSION = YES;
				CLANG_WARN_DEPRECATED_OBJC_IMPLEMENTATIONS = YES;
				CLANG_WARN_DIRECT_OBJC_ISA_USAGE = YES_ERROR;
				CLANG_WARN_DOCUMENTATION_COMMENTS = YES;
				CLANG_WARN_EMPTY_BODY = YES;
				CLANG_WARN_ENUM_CONVERSION = YES;
				CLANG_WARN_INFINITE_RECURSION = YES;
				CLANG_WARN_INT_CONVERSION = YES;
				CLANG_WARN_NON_LITERAL_NULL_CONVERSION = YES;
				CLANG_WARN_OBJC_IMPLICIT_RETAIN_SELF = YES;
				CLANG_WARN_OBJC_LITERAL_CONVERSION = YES;
				CLANG_WARN_OBJC_ROOT_CLASS = YES_ERROR;
				CLANG_WARN_RANGE_LOOP_ANALYSIS = YES;
				CLANG_WARN_STRICT_PROTOTYPES = YES;
				CLANG_WARN_SUSPICIOUS_MOVE = YES;
				CLANG_WARN_UNGUARDED_AVAILABILITY = YES_AGGRESSIVE;
				CLANG_WARN_UNREACHABLE_CODE = YES;
				CLANG_WARN__DUPLICATE_METHOD_MATCH = YES;
				COPY_PHASE_STRIP = NO;
				DEBUG_INFORMATION_FORMAT = "dwarf-with-dsym";
				ENABLE_NS_ASSERTIONS = NO;
				ENABLE_STRICT_OBJC_MSGSEND = YES;
				GCC_C_LANGUAGE_STANDARD = gnu11;
				GCC_NO_COMMON_BLOCKS = YES;
				GCC_WARN_64_TO_32_BIT_CONVERSION = YES;
				GCC_WARN_ABOUT_RETURN_TYPE = YES_ERROR;
				GCC_WARN_UNDECLARED_SELECTOR = YES;
				GCC_WARN_UNINITIALIZED_AUTOS = YES_AGGRESSIVE;
				GCC_WARN_UNUSED_FUNCTION = YES;
				GCC_WARN_UNUSED_VARIABLE = YES;
				IPHONEOS_DEPLOYMENT_TARGET = 13.4;
				MTL_ENABLE_DEBUG_INFO = NO;
				MTL_FAST_MATH = YES;
				SDKROOT = iphoneos;
				SWIFT_COMPILATION_MODE = wholemodule;
				SWIFT_OPTIMIZATION_LEVEL = "-O";
				VALIDATE_PRODUCT = YES;
			};
			name = Release;
		};
		8B73772724C95FC0009E202A /* Debug */ = {
			isa = XCBuildConfiguration;
			buildSettings = {
				ASSETCATALOG_COMPILER_APPICON_NAME = AppIcon;
				CODE_SIGN_STYLE = Automatic;
				DEVELOPMENT_TEAM = 49LT2MNGBG;
				INFOPLIST_FILE = Taxol/Info.plist;
				LD_RUNPATH_SEARCH_PATHS = (
					"$(inherited)",
					"@executable_path/Frameworks",
				);
				PRODUCT_BUNDLE_IDENTIFIER = com.chrizstvan.Taxol;
				PRODUCT_NAME = "$(TARGET_NAME)";
				SWIFT_VERSION = 5.0;
				TARGETED_DEVICE_FAMILY = "1,2";
			};
			name = Debug;
		};
		8B73772824C95FC0009E202A /* Release */ = {
			isa = XCBuildConfiguration;
			buildSettings = {
				ASSETCATALOG_COMPILER_APPICON_NAME = AppIcon;
				CODE_SIGN_STYLE = Automatic;
				DEVELOPMENT_TEAM = 49LT2MNGBG;
				INFOPLIST_FILE = Taxol/Info.plist;
				LD_RUNPATH_SEARCH_PATHS = (
					"$(inherited)",
					"@executable_path/Frameworks",
				);
				PRODUCT_BUNDLE_IDENTIFIER = com.chrizstvan.Taxol;
				PRODUCT_NAME = "$(TARGET_NAME)";
				SWIFT_VERSION = 5.0;
				TARGETED_DEVICE_FAMILY = "1,2";
			};
			name = Release;
		};
/* End XCBuildConfiguration section */

/* Begin XCConfigurationList section */
		8B73770D24C95FBA009E202A /* Build configuration list for PBXProject "Taxol" */ = {
			isa = XCConfigurationList;
			buildConfigurations = (
				8B73772424C95FC0009E202A /* Debug */,
				8B73772524C95FC0009E202A /* Release */,
			);
			defaultConfigurationIsVisible = 0;
			defaultConfigurationName = Release;
		};
		8B73772624C95FC0009E202A /* Build configuration list for PBXNativeTarget "Taxol" */ = {
			isa = XCConfigurationList;
			buildConfigurations = (
				8B73772724C95FC0009E202A /* Debug */,
				8B73772824C95FC0009E202A /* Release */,
			);
			defaultConfigurationIsVisible = 0;
			defaultConfigurationName = Release;
		};
/* End XCConfigurationList section */
	};
	rootObject = 8B73770A24C95FBA009E202A /* Project object */;
}
